
Microsoft Visual Studio Solution File, Format Version 12.00
# Visual Studio Version 16
VisualStudioVersion = 16.0.29509.3
MinimumVisualStudioVersion = 10.0.40219.1
Project("{FAE04EC0-301F-11D3-BF4B-00C04F79EFBC}") = "Restaurant Management WEB-APP", "Restaurant Management WEB-APP\Restaurant Management WEB-APP.csproj", "{439057C1-4012-483D-946C-404D1CA10698}"
EndProject
Global
	GlobalSection(SolutionConfigurationPlatforms) = preSolution
		Debug|Any CPU = Debug|Any CPU
		Release|Any CPU = Release|Any CPU
	EndGlobalSection
	GlobalSection(ProjectConfigurationPlatforms) = postSolution
		{439057C1-4012-483D-946C-404D1CA10698}.Debug|Any CPU.ActiveCfg = Debug|Any CPU
		{439057C1-4012-483D-946C-404D1CA10698}.Debug|Any CPU.Build.0 = Debug|Any CPU
		{439057C1-4012-483D-946C-404D1CA10698}.Release|Any CPU.ActiveCfg = Release|Any CPU
		{439057C1-4012-483D-946C-404D1CA10698}.Release|Any CPU.Build.0 = Release|Any CPU
	EndGlobalSection
	GlobalSection(SolutionProperties) = preSolution
		HideSolutionNode = FALSE
	EndGlobalSection
	GlobalSection(ExtensibilityGlobals) = postSolution
		SolutionGuid = {9DFECE6E-62F7-4932-9098-5AC58FBCA31E}
	EndGlobalSection
EndGlobal
